{
  "originHash" : "23f241e02a33967b06d5bfb6879e3e9f199f19d383ef8939792c149134b9d3f3",
  "pins" : [
    {
      "identity" : "javascriptkit",
      "kind" : "remoteSourceControl",
      "location" : "https://github.com/1amageek/JavaScriptKit.git",
      "state" : {
        "revision" : "7d3d6b25eea764a0c66d5334cc5841d9ffcb5687",
        "version" : "0.57.0"
      }
    },
    {
      "identity" : "swift-actor-runtime",
      "kind" : "remoteSourceControl",
      "location" : "https://github.com/1amageek/swift-actor-runtime.git",
      "state" : {
        "revision" : "d066afe8dcbaaf22fac454f24300a2751acffe8f",
        "version" : "0.6.0"
      }
    },
    {
      "identity" : "swift-html",
      "kind" : "remoteSourceControl",
      "location" : "https://github.com/1amageek/swift-html.git",
      "state" : {
        "revision" : "5668b421d5e2aca0a0308b1a7de12b38a7e7ca0e",
        "version" : "0.9.1"
      }
    },
    {
      "identity" : "swift-http-types",
      "kind" : "remoteSourceControl",
      "location" : "https://github.com/apple/swift-http-types.git",
      "state" : {
        "revision" : "db774a277f60063a32d854f2980299caf06da041",
        "version" : "1.6.0"
      }
    },
    {
      "identity" : "swift-log",
      "kind" : "remoteSourceControl",
      "location" : "https://github.com/apple/swift-log.git",
      "state" : {
        "revision" : "92448c359f00ebe36ae97d3bd9086f13c7692b5a",
        "version" : "1.13.2"
      }
    },
    {
      "identity" : "swift-syntax",
      "kind" : "remoteSourceControl",
      "location" : "https://github.com/swiftlang/swift-syntax.git",
      "state" : {
        "revision" : "4799286537280063c85a32f09884cfbca301b1a1",
        "version" : "602.0.0"
      }
    }
  ],
  "version" : 3
}
