{
  "originHash" : "abaab8315ec8377fd8db1ef4185451510275a49ed75c64224ec874f53f44dad5",
  "pins" : [
    {
      "identity" : "javascriptkit",
      "kind" : "remoteSourceControl",
      "location" : "https://github.com/1amageek/JavaScriptKit.git",
      "state" : {
        "revision" : "7d3d6b25eea764a0c66d5334cc5841d9ffcb5687",
        "version" : "0.57.0"
      }
    },
    {
      "identity" : "swift-actor-runtime",
      "kind" : "remoteSourceControl",
      "location" : "https://github.com/1amageek/swift-actor-runtime.git",
      "state" : {
        "revision" : "d066afe8dcbaaf22fac454f24300a2751acffe8f",
        "version" : "0.6.0"
      }
    },
    {
      "identity" : "swift-html",
      "kind" : "remoteSourceControl",
      "location" : "https://github.com/1amageek/swift-html.git",
      "state" : {
        "revision" : "ab042cb54e3e3677da9cf2ad5a5003a57ac361e0",
        "version" : "0.7.1"
      }
    },
    {
      "identity" : "swift-syntax",
      "kind" : "remoteSourceControl",
      "location" : "https://github.com/swiftlang/swift-syntax.git",
      "state" : {
        "revision" : "4799286537280063c85a32f09884cfbca301b1a1",
        "version" : "602.0.0"
      }
    }
  ],
  "version" : 3
}
