{
  "originHash" : "a0fa313897bb3aa4ce0d213dad6b47dfad8ad0ff119a8c35d42f40dc92ba8159",
  "pins" : [
    {
      "identity" : "javascriptkit",
      "kind" : "remoteSourceControl",
      "location" : "https://github.com/1amageek/JavaScriptKit.git",
      "state" : {
        "revision" : "166dc39b6e282a0f039762381332ba6333ec809c",
        "version" : "0.57.3"
      }
    },
    {
      "identity" : "swift-actor-runtime",
      "kind" : "remoteSourceControl",
      "location" : "https://github.com/1amageek/swift-actor-runtime.git",
      "state" : {
        "revision" : "d066afe8dcbaaf22fac454f24300a2751acffe8f",
        "version" : "0.6.0"
      }
    },
    {
      "identity" : "swift-actor-system",
      "kind" : "remoteSourceControl",
      "location" : "https://github.com/1amageek/swift-actor-system.git",
      "state" : {
        "revision" : "cdbca08b3a08d3cd5620ae16b5c33c372aff1ad3",
        "version" : "0.2.0"
      }
    },
    {
      "identity" : "swift-html",
      "kind" : "remoteSourceControl",
      "location" : "https://github.com/1amageek/swift-html.git",
      "state" : {
        "revision" : "573aba6454604780c07ad8a7aabd0e153423fe4b",
        "version" : "0.16.1"
      }
    },
    {
      "identity" : "swift-http-types",
      "kind" : "remoteSourceControl",
      "location" : "https://github.com/apple/swift-http-types",
      "state" : {
        "revision" : "6c8ca8297332ea2780c45e1bce9d7fd2a8b51e1d",
        "version" : "1.7.0"
      }
    },
    {
      "identity" : "swift-syntax",
      "kind" : "remoteSourceControl",
      "location" : "https://github.com/swiftlang/swift-syntax.git",
      "state" : {
        "revision" : "79e4b74a295b6eb74a8b585e3a39d29e70c1dbd1",
        "version" : "603.0.2"
      }
    }
  ],
  "version" : 3
}
